Microsoft Visual Studio Solution File, Format Version 12.00
# Visual Studio Version 16
VisualStudioVersion = 16.0.29613.14
MinimumVisualStudioVersion = 10.0.40219.1
Project("{9A19103F-16F7-4668-BE54-9A1E7A4F7556}") = "DemoTest", "DemoTest\DemoTest.csproj", "{1F66DA6B-69C9-4706-AAE5-68879B613504}"
EndProject
Project("{FAE04EC0-301F-11D3-BF4B-00C04F79EFBC}") = "DemoTest.Data", "DemoTest.Data\DemoTest.Data.csproj", "{0B455C36-D93E-4D8A-9328-DBC3B653171D}"
EndProject
Project("{FAE04EC0-301F-11D3-BF4B-00C04F79EFBC}") = "DemoTest.Core", "DemoTest.Core\DemoTest.Core.csproj", "{B4D9ED67-C708-446A-8281-E0758C09E335}"
EndProject
Global
	GlobalSection(SolutionConfigurationPlatforms) = preSolution
		Debug|Any CPU = Debug|Any CPU
		Release|Any CPU = Release|Any CPU
	EndGlobalSection
	GlobalSection(ProjectConfigurationPlatforms) = postSolution
		{1F66DA6B-69C9-4706-AAE5-68879B613504}.Debug|Any CPU.ActiveCfg = Debug|Any CPU
		{1F66DA6B-69C9-4706-AAE5-68879B613504}.Debug|Any CPU.Build.0 = Debug|Any CPU
		{1F66DA6B-69C9-4706-AAE5-68879B613504}.Release|Any CPU.ActiveCfg = Release|Any CPU
		{1F66DA6B-69C9-4706-AAE5-68879B613504}.Release|Any CPU.Build.0 = Release|Any CPU
		{0B455C36-D93E-4D8A-9328-DBC3B653171D}.Debug|Any CPU.ActiveCfg = Debug|Any CPU
		{0B455C36-D93E-4D8A-9328-DBC3B653171D}.Debug|Any CPU.Build.0 = Debug|Any CPU
		{0B455C36-D93E-4D8A-9328-DBC3B653171D}.Release|Any CPU.ActiveCfg = Release|Any CPU
		{0B455C36-D93E-4D8A-9328-DBC3B653171D}.Release|Any CPU.Build.0 = Release|Any CPU
		{B4D9ED67-C708-446A-8281-E0758C09E335}.Debug|Any CPU.ActiveCfg = Debug|Any CPU
		{B4D9ED67-C708-446A-8281-E0758C09E335}.Debug|Any CPU.Build.0 = Debug|Any CPU
		{B4D9ED67-C708-446A-8281-E0758C09E335}.Release|Any CPU.ActiveCfg = Release|Any CPU
		{B4D9ED67-C708-446A-8281-E0758C09E335}.Release|Any CPU.Build.0 = Release|Any CPU
	EndGlobalSection
	GlobalSection(SolutionProperties) = preSolution
		HideSolutionNode = FALSE
	EndGlobalSection
	GlobalSection(ExtensibilityGlobals) = postSolution
		SolutionGuid = {A9E41B85-D9C4-41BF-8A91-0673584D10A6}
	EndGlobalSection
EndGlobal
